// !$*UTF8*$!
{
	archiveVersion = 1;
	classes = {
	};
	objectVersion = 46;
	objects = {

/* Begin PBXBuildFile section */
		52FF08291FA390C8008BBF40 /* AppDelegate.swift in Sources */ = {isa = PBXBuildFile; fileRef = 52FF08281FA390C8008BBF40 /* AppDelegate.swift */; };
		52FF082B1FA390C8008BBF40 /* ViewController.swift in Sources */ = {isa = PBXBuildFile; fileRef = 52FF082A1FA390C8008BBF40 /* ViewController.swift */; };
		52FF082E1FA390C8008BBF40 /* Main.storyboard in Resources */ = {isa = PBXBuildFile; fileRef = 52FF082C1FA390C8008BBF40 /* Main.storyboard */; };
		52FF08301FA390C8008BBF40 /* Assets.xcassets in Resources */ = {isa = PBXBuildFile; fileRef = 52FF082F1FA390C8008BBF40 /* Assets.xcassets */; };
		52FF08331FA390C8008BBF40 /* LaunchScreen.storyboard in Resources */ = {isa = PBXBuildFile; fileRef = 52FF08311FA390C8008BBF40 /* LaunchScreen.storyboard */; };
/* End PBXBuildFile section */

/* Begin PBXFileReference section */
		52FF08251FA390C8008BBF40 /* Current Position Of User.app */ = {isa = PBXFileReference; explicitFileType = wrapper.application; includeInIndex = 0; path = "Current Position Of User.app"; sourceTree = BUILT_PRODUCTS_DIR; };
		52FF08281FA390C8008BBF40 /* AppDelegate.swift */ = {isa = PBXFileReference; lastKnownFileType = sourcecode.swift; path = AppDelegate.swift; sourceTree = "<group>"; };
		52FF082A1FA390C8008BBF40 /* ViewController.swift */ = {isa = PBXFileReference; lastKnownFileType = sourcecode.swift; path = ViewController.swift; sourceTree = "<group>"; };
		52FF082D1FA390C8008BBF40 /* Base */ = {isa = PBXFileReference; lastKnownFileType = file.storyboard; name = Base; path = Base.lproj/Main.storyboard; sourceTree = "<group>"; };
		52FF082F1FA390C8008BBF40 /* Assets.xcassets */ = {isa = PBXFileReference; lastKnownFileType = folder.assetcatalog; path = Assets.xcassets; sourceTree = "<group>"; };
		52FF08321FA390C8008BBF40 /* Base */ = {isa = PBXFileReference; lastKnownFileType = file.storyboard; name = Base; path = Base.lproj/LaunchScreen.storyboard; sourceTree = "<group>"; };
		52FF08341FA390C8008BBF40 /* Info.plist */ = {isa = PBXFileReference; lastKnownFileType = text.plist.xml; path = Info.plist; sourceTree = "<group>"; };
/* End PBXFileReference section */

/* Begin PBXFrameworksBuildPhase section */
		52FF08221FA390C8008BBF40 /* Frameworks */ = {
			isa = PBXFrameworksBuildPhase;
			buildActionMask = 2147483647;
			files = (
			);
			runOnlyForDeploymentPostprocessing = 0;
		};
/* End PBXFrameworksBuildPhase section */

/* Begin PBXGroup section */
		52FF081C1FA390C8008BBF40 = {
			isa = PBXGroup;
			children = (
				52FF08271FA390C8008BBF40 /* Current Position Of User */,
				52FF08261FA390C8008BBF40 /* Products */,
			);
			sourceTree = "<group>";
		};
		52FF08261FA390C8008BBF40 /* Products */ = {
			isa = PBXGroup;
			children = (
				52FF08251FA390C8008BBF40 /* Current Position Of User.app */,
			);
			name = Products;
			sourceTree = "<group>";
		};
		52FF08271FA390C8008BBF40 /* Current Position Of User */ = {
			isa = PBXGroup;
			children = (
				52FF08281FA390C8008BBF40 /* AppDelegate.swift */,
				52FF082A1FA390C8008BBF40 /* ViewController.swift */,
				52FF082C1FA390C8008BBF40 /* Main.storyboard */,
				52FF082F1FA390C8008BBF40 /* Assets.xcassets */,
				52FF08311FA390C8008BBF40 /* LaunchScreen.storyboard */,
				52FF08341FA390C8008BBF40 /* Info.plist */,
			);
			path = "Current Position Of User";
			sourceTree = "<group>";
		};
/* End PBXGroup section */

/* Begin PBXNativeTarget section */
		52FF08241FA390C8008BBF40 /* Current Position Of User */ = {
			isa = PBXNativeTarget;
			buildConfigurationList = 52FF08371FA390C8008BBF40 /* Build configuration list for PBXNativeTarget "Current Position Of User" */;
			buildPhases = (
				52FF08211FA390C8008BBF40 /* Sources */,
				52FF08221FA390C8008BBF40 /* Frameworks */,
				52FF08231FA390C8008BBF40 /* Resources */,
			);
			buildRules = (
			);
			dependencies = (
			);
			name = "Current Position Of User";
			productName = "Current Position Of User";
			productReference = 52FF08251FA390C8008BBF40 /* Current Position Of User.app */;
			productType = "com.apple.product-type.application";
		};
/* End PBXNativeTarget section */

/* Begin PBXProject section */
		52FF081D1FA390C8008BBF40 /* Project object */ = {
			isa = PBXProject;
			attributes = {
				LastSwiftUpdateCheck = 0830;
				LastUpgradeCheck = 0830;
				ORGANIZATIONNAME = "MacBook Pro";
				TargetAttributes = {
					52FF08241FA390C8008BBF40 = {
						CreatedOnToolsVersion = 8.3.3;
						ProvisioningStyle = Automatic;
					};
				};
			};
			buildConfigurationList = 52FF08201FA390C8008BBF40 /* Build configuration list for PBXProject "Current Position Of User" */;
			compatibilityVersion = "Xcode 3.2";
			developmentRegion = English;
			hasScannedForEncodings = 0;
			knownRegions = (
				en,
				Base,
			);
			mainGroup = 52FF081C1FA390C8008BBF40;
			productRefGroup = 52FF08261FA390C8008BBF40 /* Products */;
			projectDirPath = "";
			projectRoot = "";
			targets = (
				52FF08241FA390C8008BBF40 /* Current Position Of User */,
			);
		};
/* End PBXProject section */

/* Begin PBXResourcesBuildPhase section */
		52FF08231FA390C8008BBF40 /* Resources */ = {
			isa = PBXResourcesBuildPhase;
			buildActionMask = 2147483647;
			files = (
				52FF08331FA390C8008BBF40 /* LaunchScreen.storyboard in Resources */,
				52FF08301FA390C8008BBF40 /* Assets.xcassets in Resources */,
				52FF082E1FA390C8008BBF40 /* Main.storyboard in Resources */,
			);
			runOnlyForDeploymentPostprocessing = 0;
		};
/* End PBXResourcesBuildPhase section */

/* Begin PBXSourcesBuildPhase section */
		52FF08211FA390C8008BBF40 /* Sources */ = {
			isa = PBXSourcesBuildPhase;
			buildActionMask = 2147483647;
			files = (
				52FF082B1FA390C8008BBF40 /* ViewController.swift in Sources */,
				52FF08291FA390C8008BBF40 /* AppDelegate.swift in Sources */,
			);
			runOnlyForDeploymentPostprocessing = 0;
		};
/* End PBXSourcesBuildPhase section */

/* Begin PBXVariantGroup section */
		52FF082C1FA390C8008BBF40 /* Main.storyboard */ = {
			isa = PBXVariantGroup;
			children = (
				52FF082D1FA390C8008BBF40 /* Base */,
			);
			name = Main.storyboard;
			sourceTree = "<group>";
		};
		52FF08311FA390C8008BBF40 /* LaunchScreen.storyboard */ = {
			isa = PBXVariantGroup;
			children = (
				52FF08321FA390C8008BBF40 /* Base */,
			);
			name = LaunchScreen.storyboard;
			sourceTree = "<group>";
		};
/* End PBXVariantGroup section */

/* Begin XCBuildConfiguration section */
		52FF08351FA390C8008BBF40 /* Debug */ = {
			isa = XCBuildConfiguration;
			buildSettings = {
				ALWAYS_SEARCH_USER_PATHS = NO;
				CLANG_ANALYZER_NONNULL = YES;
				CLANG_ANALYZER_NUMBER_OBJECT_CONVERSION = YES_AGGRESSIVE;
				CLANG_CXX_LANGUAGE_STANDARD = "gnu++0x";
				CLANG_CXX_LIBRARY = "libc++";
				CLANG_ENABLE_MODULES = YES;
				CLANG_ENABLE_OBJC_ARC = YES;
				CLANG_WARN_BOOL_CONVERSION = YES;
				CLANG_WARN_CONSTANT_CONVERSION = YES;
				CLANG_WARN_DIRECT_OBJC_ISA_USAGE = YES_ERROR;
				CLANG_WARN_DOCUMENTATION_COMMENTS = YES;
				CLANG_WARN_EMPTY_BODY = YES;
				CLANG_WARN_ENUM_CONVERSION = YES;
				CLANG_WARN_INFINITE_RECURSION = YES;
				CLANG_WARN_INT_CONVERSION = YES;
				CLANG_WARN_OBJC_ROOT_CLASS = YES_ERROR;
				CLANG_WARN_SUSPICIOUS_MOVE = YES;
				CLANG_WARN_UNREACHABLE_CODE = YES;
				CLANG_WARN__DUPLICATE_METHOD_MATCH = YES;
				"CODE_SIGN_IDENTITY[sdk=iphoneos*]" = "iPhone Developer";
				COPY_PHASE_STRIP = NO;
				DEBUG_INFORMATION_FORMAT = dwarf;
				ENABLE_STRICT_OBJC_MSGSEND = YES;
				ENABLE_TESTABILITY = YES;
				GCC_C_LANGUAGE_STANDARD = gnu99;
				GCC_DYNAMIC_NO_PIC = NO;
				GCC_NO_COMMON_BLOCKS = YES;
				GCC_OPTIMIZATION_LEVEL = 0;
				GCC_PREPROCESSOR_DEFINITIONS = (
					"DEBUG=1",
					"$(inherited)",
				);
				GCC_WARN_64_TO_32_BIT_CONVERSION = YES;
				GCC_WARN_ABOUT_RETURN_TYPE = YES_ERROR;
				GCC_WARN_UNDECLARED_SELECTOR = YES;
				GCC_WARN_UNINITIALIZED_AUTOS = YES_AGGRESSIVE;
				GCC_WARN_UNUSED_FUNCTION = YES;
				GCC_WARN_UNUSED_VARIABLE = YES;
				IPHONEOS_DEPLOYMENT_TARGET = 10.3;
				MTL_ENABLE_DEBUG_INFO = YES;
				ONLY_ACTIVE_ARCH = YES;
				SDKROOT = iphoneos;
				SWIFT_ACTIVE_COMPILATION_CONDITIONS = DEBUG;
				SWIFT_OPTIMIZATION_LEVEL = "-Onone";
				TARGETED_DEVICE_FAMILY = "1,2";
			};
			name = Debug;
		};
		52FF08361FA390C8008BBF40 /* Release */ = {
			isa = XCBuildConfiguration;
			buildSettings = {
				ALWAYS_SEARCH_USER_PATHS = NO;
				CLANG_ANALYZER_NONNULL = YES;
				CLANG_ANALYZER_NUMBER_OBJECT_CONVERSION = YES_AGGRESSIVE;
				CLANG_CXX_LANGUAGE_STANDARD = "gnu++0x";
				CLANG_CXX_LIBRARY = "libc++";
				CLANG_ENABLE_MODULES = YES;
				CLANG_ENABLE_OBJC_ARC = YES;
				CLANG_WARN_BOOL_CONVERSION = YES;
				CLANG_WARN_CONSTANT_CONVERSION = YES;
				CLANG_WARN_DIRECT_OBJC_ISA_USAGE = YES_ERROR;
				CLANG_WARN_DOCUMENTATION_COMMENTS = YES;
				CLANG_WARN_EMPTY_BODY = YES;
				CLANG_WARN_ENUM_CONVERSION = YES;
				CLANG_WARN_INFINITE_RECURSION = YES;
				CLANG_WARN_INT_CONVERSION = YES;
				CLANG_WARN_OBJC_ROOT_CLASS = YES_ERROR;
				CLANG_WARN_SUSPICIOUS_MOVE = YES;
				CLANG_WARN_UNREACHABLE_CODE = YES;
				CLANG_WARN__DUPLICATE_METHOD_MATCH = YES;
				"CODE_SIGN_IDENTITY[sdk=iphoneos*]" = "iPhone Developer";
				COPY_PHASE_STRIP = NO;
				DEBUG_INFORMATION_FORMAT = "dwarf-with-dsym";
				ENABLE_NS_ASSERTIONS = NO;
				ENABLE_STRICT_OBJC_MSGSEND = YES;
				GCC_C_LANGUAGE_STANDARD = gnu99;
				GCC_NO_COMMON_BLOCKS = YES;
				GCC_WARN_64_TO_32_BIT_CONVERSION = YES;
				GCC_WARN_ABOUT_RETURN_TYPE = YES_ERROR;
				GCC_WARN_UNDECLARED_SELECTOR = YES;
				GCC_WARN_UNINITIALIZED_AUTOS = YES_AGGRESSIVE;
				GCC_WARN_UNUSED_FUNCTION = YES;
				GCC_WARN_UNUSED_VARIABLE = YES;
				IPHONEOS_DEPLOYMENT_TARGET = 10.3;
				MTL_ENABLE_DEBUG_INFO = NO;
				SDKROOT = iphoneos;
				SWIFT_OPTIMIZATION_LEVEL = "-Owholemodule";
				TARGETED_DEVICE_FAMILY = "1,2";
				VALIDATE_PRODUCT = YES;
			};
			name = Release;
		};
		52FF08381FA390C8008BBF40 /* Debug */ = {
			isa = XCBuildConfiguration;
			buildSettings = {
				ASSETCATALOG_COMPILER_APPICON_NAME = AppIcon;
				INFOPLIST_FILE = "Current Position Of User/Info.plist";
				LD_RUNPATH_SEARCH_PATHS = "$(inherited) @executable_path/Frameworks";
				PRODUCT_BUNDLE_IDENTIFIER = "com.Current-Position-Of-User";
				PRODUCT_NAME = "$(TARGET_NAME)";
				SWIFT_VERSION = 3.0;
			};
			name = Debug;
		};
		52FF08391FA390C8008BBF40 /* Release */ = {
			isa = XCBuildConfiguration;
			buildSettings = {
				ASSETCATALOG_COMPILER_APPICON_NAME = AppIcon;
				INFOPLIST_FILE = "Current Position Of User/Info.plist";
				LD_RUNPATH_SEARCH_PATHS = "$(inherited) @executable_path/Frameworks";
				PRODUCT_BUNDLE_IDENTIFIER = "com.Current-Position-Of-User";
				PRODUCT_NAME = "$(TARGET_NAME)";
				SWIFT_VERSION = 3.0;
			};
			name = Release;
		};
/* End XCBuildConfiguration section */

/* Begin XCConfigurationList section */
		52FF08201FA390C8008BBF40 /* Build configuration list for PBXProject "Current Position Of User" */ = {
			isa = XCConfigurationList;
			buildConfigurations = (
				52FF08351FA390C8008BBF40 /* Debug */,
				52FF08361FA390C8008BBF40 /* Release */,
			);
			defaultConfigurationIsVisible = 0;
			defaultConfigurationName = Release;
		};
		52FF08371FA390C8008BBF40 /* Build configuration list for PBXNativeTarget "Current Position Of User" */ = {
			isa = XCConfigurationList;
			buildConfigurations = (
				52FF08381FA390C8008BBF40 /* Debug */,
				52FF08391FA390C8008BBF40 /* Release */,
			);
			defaultConfigurationIsVisible = 0;
		};
/* End XCConfigurationList section */
	};
	rootObject = 52FF081D1FA390C8008BBF40 /* Project object */;
}
